// !$*UTF8*$!
{
	archiveVersion = 1;
	classes = {
	};
	objectVersion = 50;
	objects = {

/* Begin PBXBuildFile section */
		57F1914878BB424DA726FF47 /* Pods_Flixster.framework in Frameworks */ = {isa = PBXBuildFile; fileRef = 80E8D7D527AE4DEEA9137E1E /* Pods_Flixster.framework */; };
		9859152C21FFCB0300B41A9F /* AppDelegate.swift in Sources */ = {isa = PBXBuildFile; fileRef = 9859152B21FFCB0300B41A9F /* AppDelegate.swift */; };
		9859153121FFCB0300B41A9F /* Main.storyboard in Resources */ = {isa = PBXBuildFile; fileRef = 9859152F21FFCB0300B41A9F /* Main.storyboard */; };
		9859153321FFCB0500B41A9F /* Assets.xcassets in Resources */ = {isa = PBXBuildFile; fileRef = 9859153221FFCB0500B41A9F /* Assets.xcassets */; };
		9859153621FFCB0500B41A9F /* LaunchScreen.storyboard in Resources */ = {isa = PBXBuildFile; fileRef = 9859153421FFCB0500B41A9F /* LaunchScreen.storyboard */; };
		9859153E21FFD0D900B41A9F /* MoviesViewController.swift in Sources */ = {isa = PBXBuildFile; fileRef = 9859153D21FFD0D900B41A9F /* MoviesViewController.swift */; };
		9859154021FFDA3100B41A9F /* MovieCell.swift in Sources */ = {isa = PBXBuildFile; fileRef = 9859153F21FFDA3100B41A9F /* MovieCell.swift */; };
		989838B6220902B1002814D9 /* MovieGridViewController.swift in Sources */ = {isa = PBXBuildFile; fileRef = 989838B5220902B1002814D9 /* MovieGridViewController.swift */; };
		98A9E0AB2216836B007E5AEB /* trailerViewController.swift in Sources */ = {isa = PBXBuildFile; fileRef = 98A9E0AA2216836B007E5AEB /* trailerViewController.swift */; };
		98B597392202D28D00C8CC0F /* MovieDetailsViewController.swift in Sources */ = {isa = PBXBuildFile; fileRef = 98B597382202D28D00C8CC0F /* MovieDetailsViewController.swift */; };
		98B8B43522123E0E000852AE /* MovieGridCell.swift in Sources */ = {isa = PBXBuildFile; fileRef = 98B8B43422123E0E000852AE /* MovieGridCell.swift */; };
		98DF44FE2215084A00CC74C4 /* DetailHeaderView.swift in Sources */ = {isa = PBXBuildFile; fileRef = 98DF44FD2215084A00CC74C4 /* DetailHeaderView.swift */; };
/* End PBXBuildFile section */

/* Begin PBXFileReference section */
		0C07C0D1494CFD196128F69C /* Pods-Flixster.release.xcconfig */ = {isa = PBXFileReference; includeInIndex = 1; lastKnownFileType = text.xcconfig; name = "Pods-Flixster.release.xcconfig"; path = "Pods/Target Support Files/Pods-Flixster/Pods-Flixster.release.xcconfig"; sourceTree = "<group>"; };
		80E8D7D527AE4DEEA9137E1E /* Pods_Flixster.framework */ = {isa = PBXFileReference; explicitFileType = wrapper.framework; includeInIndex = 0; path = Pods_Flixster.framework; sourceTree = BUILT_PRODUCTS_DIR; };
		9859152821FFCB0300B41A9F /* Flixster.app */ = {isa = PBXFileReference; explicitFileType = wrapper.application; includeInIndex = 0; path = Flixster.app; sourceTree = BUILT_PRODUCTS_DIR; };
		9859152B21FFCB0300B41A9F /* AppDelegate.swift */ = {isa = PBXFileReference; lastKnownFileType = sourcecode.swift; path = AppDelegate.swift; sourceTree = "<group>"; };
		9859153021FFCB0300B41A9F /* Base */ = {isa = PBXFileReference; lastKnownFileType = file.storyboard; name = Base; path = Base.lproj/Main.storyboard; sourceTree = "<group>"; };
		9859153221FFCB0500B41A9F /* Assets.xcassets */ = {isa = PBXFileReference; lastKnownFileType = folder.assetcatalog; path = Assets.xcassets; sourceTree = "<group>"; };
		9859153521FFCB0500B41A9F /* Base */ = {isa = PBXFileReference; lastKnownFileType = file.storyboard; name = Base; path = Base.lproj/LaunchScreen.storyboard; sourceTree = "<group>"; };
		9859153721FFCB0500B41A9F /* Info.plist */ = {isa = PBXFileReference; lastKnownFileType = text.plist.xml; path = Info.plist; sourceTree = "<group>"; };
		9859153D21FFD0D900B41A9F /* MoviesViewController.swift */ = {isa = PBXFileReference; lastKnownFileType = sourcecode.swift; path = MoviesViewController.swift; sourceTree = "<group>"; };
		9859153F21FFDA3100B41A9F /* MovieCell.swift */ = {isa = PBXFileReference; lastKnownFileType = sourcecode.swift; path = MovieCell.swift; sourceTree = "<group>"; };
		989838B5220902B1002814D9 /* MovieGridViewController.swift */ = {isa = PBXFileReference; lastKnownFileType = sourcecode.swift; path = MovieGridViewController.swift; sourceTree = "<group>"; };
		98A9E0AA2216836B007E5AEB /* trailerViewController.swift */ = {isa = PBXFileReference; lastKnownFileType = sourcecode.swift; path = trailerViewController.swift; sourceTree = "<group>"; };
		98B597382202D28D00C8CC0F /* MovieDetailsViewController.swift */ = {isa = PBXFileReference; lastKnownFileType = sourcecode.swift; path = MovieDetailsViewController.swift; sourceTree = "<group>"; };
		98B8B43422123E0E000852AE /* MovieGridCell.swift */ = {isa = PBXFileReference; lastKnownFileType = sourcecode.swift; path = MovieGridCell.swift; sourceTree = "<group>"; };
		98DF44FD2215084A00CC74C4 /* DetailHeaderView.swift */ = {isa = PBXFileReference; lastKnownFileType = sourcecode.swift; path = DetailHeaderView.swift; sourceTree = "<group>"; };
		F0DDF393898230A7DA767D5F /* Pods-Flixster.debug.xcconfig */ = {isa = PBXFileReference; includeInIndex = 1; lastKnownFileType = text.xcconfig; name = "Pods-Flixster.debug.xcconfig"; path = "Pods/Target Support Files/Pods-Flixster/Pods-Flixster.debug.xcconfig"; sourceTree = "<group>"; };
/* End PBXFileReference section */

/* Begin PBXFrameworksBuildPhase section */
		9859152521FFCB0300B41A9F /* Frameworks */ = {
			isa = PBXFrameworksBuildPhase;
			buildActionMask = 2147483647;
			files = (
				57F1914878BB424DA726FF47 /* Pods_Flixster.framework in Frameworks */,
			);
			runOnlyForDeploymentPostprocessing = 0;
		};
/* End PBXFrameworksBuildPhase section */

/* Begin PBXGroup section */
		4602D97AFB27217C86166263 /* Frameworks */ = {
			isa = PBXGroup;
			children = (
				80E8D7D527AE4DEEA9137E1E /* Pods_Flixster.framework */,
			);
			name = Frameworks;
			sourceTree = "<group>";
		};
		53D5AACF0103F77BA70CBF67 /* Pods */ = {
			isa = PBXGroup;
			children = (
				F0DDF393898230A7DA767D5F /* Pods-Flixster.debug.xcconfig */,
				0C07C0D1494CFD196128F69C /* Pods-Flixster.release.xcconfig */,
			);
			name = Pods;
			sourceTree = "<group>";
		};
		9859151F21FFCB0300B41A9F = {
			isa = PBXGroup;
			children = (
				9859152A21FFCB0300B41A9F /* Flixster */,
				9859152921FFCB0300B41A9F /* Products */,
				53D5AACF0103F77BA70CBF67 /* Pods */,
				4602D97AFB27217C86166263 /* Frameworks */,
			);
			sourceTree = "<group>";
		};
		9859152921FFCB0300B41A9F /* Products */ = {
			isa = PBXGroup;
			children = (
				9859152821FFCB0300B41A9F /* Flixster.app */,
			);
			name = Products;
			sourceTree = "<group>";
		};
		9859152A21FFCB0300B41A9F /* Flixster */ = {
			isa = PBXGroup;
			children = (
				9859152B21FFCB0300B41A9F /* AppDelegate.swift */,
				9859152F21FFCB0300B41A9F /* Main.storyboard */,
				98A9E0AA2216836B007E5AEB /* trailerViewController.swift */,
				98DF44FD2215084A00CC74C4 /* DetailHeaderView.swift */,
				98B8B43422123E0E000852AE /* MovieGridCell.swift */,
				9859153D21FFD0D900B41A9F /* MoviesViewController.swift */,
				989838B5220902B1002814D9 /* MovieGridViewController.swift */,
				98B597382202D28D00C8CC0F /* MovieDetailsViewController.swift */,
				9859153F21FFDA3100B41A9F /* MovieCell.swift */,
				9859153221FFCB0500B41A9F /* Assets.xcassets */,
				9859153421FFCB0500B41A9F /* LaunchScreen.storyboard */,
				9859153721FFCB0500B41A9F /* Info.plist */,
			);
			path = Flixster;
			sourceTree = "<group>";
		};
/* End PBXGroup section */

/* Begin PBXNativeTarget section */
		9859152721FFCB0300B41A9F /* Flixster */ = {
			isa = PBXNativeTarget;
			buildConfigurationList = 9859153A21FFCB0500B41A9F /* Build configuration list for PBXNativeTarget "Flixster" */;
			buildPhases = (
				AFD6A9298155C5A67B8E11DE /* [CP] Check Pods Manifest.lock */,
				9859152421FFCB0300B41A9F /* Sources */,
				9859152521FFCB0300B41A9F /* Frameworks */,
				9859152621FFCB0300B41A9F /* Resources */,
				8A5E86878100D1932EF7400A /* [CP] Embed Pods Frameworks */,
			);
			buildRules = (
			);
			dependencies = (
			);
			name = Flixster;
			productName = Flixster;
			productReference = 9859152821FFCB0300B41A9F /* Flixster.app */;
			productType = "com.apple.product-type.application";
		};
/* End PBXNativeTarget section */

/* Begin PBXProject section */
		9859152021FFCB0300B41A9F /* Project object */ = {
			isa = PBXProject;
			attributes = {
				LastSwiftUpdateCheck = 1010;
				LastUpgradeCheck = 1010;
				ORGANIZATIONNAME = "Yash Kakodkar";
				TargetAttributes = {
					9859152721FFCB0300B41A9F = {
						CreatedOnToolsVersion = 10.1;
					};
				};
			};
			buildConfigurationList = 9859152321FFCB0300B41A9F /* Build configuration list for PBXProject "Flixster" */;
			compatibilityVersion = "Xcode 9.3";
			developmentRegion = en;
			hasScannedForEncodings = 0;
			knownRegions = (
				en,
				Base,
			);
			mainGroup = 9859151F21FFCB0300B41A9F;
			productRefGroup = 9859152921FFCB0300B41A9F /* Products */;
			projectDirPath = "";
			projectRoot = "";
			targets = (
				9859152721FFCB0300B41A9F /* Flixster */,
			);
		};
/* End PBXProject section */

/* Begin PBXResourcesBuildPhase section */
		9859152621FFCB0300B41A9F /* Resources */ = {
			isa = PBXResourcesBuildPhase;
			buildActionMask = 2147483647;
			files = (
				9859153621FFCB0500B41A9F /* LaunchScreen.storyboard in Resources */,
				9859153321FFCB0500B41A9F /* Assets.xcassets in Resources */,
				9859153121FFCB0300B41A9F /* Main.storyboard in Resources */,
			);
			runOnlyForDeploymentPostprocessing = 0;
		};
/* End PBXResourcesBuildPhase section */

/* Begin PBXShellScriptBuildPhase section */
		8A5E86878100D1932EF7400A /* [CP] Embed Pods Frameworks */ = {
			isa = PBXShellScriptBuildPhase;
			buildActionMask = 2147483647;
			files = (
			);
			inputFileListPaths = (
			);
			inputPaths = (
				"${SRCROOT}/Pods/Target Support Files/Pods-Flixster/Pods-Flixster-frameworks.sh",
				"${BUILT_PRODUCTS_DIR}/Alamofire/Alamofire.framework",
				"${BUILT_PRODUCTS_DIR}/AlamofireImage/AlamofireImage.framework",
				"${BUILT_PRODUCTS_DIR}/ChameleonFramework/ChameleonFramework.framework",
			);
			name = "[CP] Embed Pods Frameworks";
			outputFileListPaths = (
			);
			outputPaths = (
				"${TARGET_BUILD_DIR}/${FRAMEWORKS_FOLDER_PATH}/Alamofire.framework",
				"${TARGET_BUILD_DIR}/${FRAMEWORKS_FOLDER_PATH}/AlamofireImage.framework",
				"${TARGET_BUILD_DIR}/${FRAMEWORKS_FOLDER_PATH}/ChameleonFramework.framework",
			);
			runOnlyForDeploymentPostprocessing = 0;
			shellPath = /bin/sh;
			shellScript = "\"${SRCROOT}/Pods/Target Support Files/Pods-Flixster/Pods-Flixster-frameworks.sh\"\n";
			showEnvVarsInLog = 0;
		};
		AFD6A9298155C5A67B8E11DE /* [CP] Check Pods Manifest.lock */ = {
			isa = PBXShellScriptBuildPhase;
			buildActionMask = 2147483647;
			files = (
			);
			inputFileListPaths = (
			);
			inputPaths = (
				"${PODS_PODFILE_DIR_PATH}/Podfile.lock",
				"${PODS_ROOT}/Manifest.lock",
			);
			name = "[CP] Check Pods Manifest.lock";
			outputFileListPaths = (
			);
			outputPaths = (
				"$(DERIVED_FILE_DIR)/Pods-Flixster-checkManifestLockResult.txt",
			);
			runOnlyForDeploymentPostprocessing = 0;
			shellPath = /bin/sh;
			shellScript = "diff \"${PODS_PODFILE_DIR_PATH}/Podfile.lock\" \"${PODS_ROOT}/Manifest.lock\" > /dev/null\nif [ $? != 0 ] ; then\n    # print error to STDERR\n    echo \"error: The sandbox is not in sync with the Podfile.lock. Run 'pod install' or update your CocoaPods installation.\" >&2\n    exit 1\nfi\n# This output is used by Xcode 'outputs' to avoid re-running this script phase.\necho \"SUCCESS\" > \"${SCRIPT_OUTPUT_FILE_0}\"\n";
			showEnvVarsInLog = 0;
		};
/* End PBXShellScriptBuildPhase section */

/* Begin PBXSourcesBuildPhase section */
		9859152421FFCB0300B41A9F /* Sources */ = {
			isa = PBXSourcesBuildPhase;
			buildActionMask = 2147483647;
			files = (
				98A9E0AB2216836B007E5AEB /* trailerViewController.swift in Sources */,
				989838B6220902B1002814D9 /* MovieGridViewController.swift in Sources */,
				98B597392202D28D00C8CC0F /* MovieDetailsViewController.swift in Sources */,
				9859152C21FFCB0300B41A9F /* AppDelegate.swift in Sources */,
				9859154021FFDA3100B41A9F /* MovieCell.swift in Sources */,
				98B8B43522123E0E000852AE /* MovieGridCell.swift in Sources */,
				98DF44FE2215084A00CC74C4 /* DetailHeaderView.swift in Sources */,
				9859153E21FFD0D900B41A9F /* MoviesViewController.swift in Sources */,
			);
			runOnlyForDeploymentPostprocessing = 0;
		};
/* End PBXSourcesBuildPhase section */

/* Begin PBXVariantGroup section */
		9859152F21FFCB0300B41A9F /* Main.storyboard */ = {
			isa = PBXVariantGroup;
			children = (
				9859153021FFCB0300B41A9F /* Base */,
			);
			name = Main.storyboard;
			sourceTree = "<group>";
		};
		9859153421FFCB0500B41A9F /* LaunchScreen.storyboard */ = {
			isa = PBXVariantGroup;
			children = (
				9859153521FFCB0500B41A9F /* Base */,
			);
			name = LaunchScreen.storyboard;
			sourceTree = "<group>";
		};
/* End PBXVariantGroup section */

/* Begin XCBuildConfiguration section */
		9859153821FFCB0500B41A9F /* Debug */ = {
			isa = XCBuildConfiguration;
			buildSettings = {
				ALWAYS_SEARCH_USER_PATHS = NO;
				CLANG_ANALYZER_NONNULL = YES;
				CLANG_ANALYZER_NUMBER_OBJECT_CONVERSION = YES_AGGRESSIVE;
				CLANG_CXX_LANGUAGE_STANDARD = "gnu++14";
				CLANG_CXX_LIBRARY = "libc++";
				CLANG_ENABLE_MODULES = YES;
				CLANG_ENABLE_OBJC_ARC = YES;
				CLANG_ENABLE_OBJC_WEAK = YES;
				CLANG_WARN_BLOCK_CAPTURE_AUTORELEASING = YES;
				CLANG_WARN_BOOL_CONVERSION = YES;
				CLANG_WARN_COMMA = YES;
				CLANG_WARN_CONSTANT_CONVERSION = YES;
				CLANG_WARN_DEPRECATED_OBJC_IMPLEMENTATIONS = YES;
				CLANG_WARN_DIRECT_OBJC_ISA_USAGE = YES_ERROR;
				CLANG_WARN_DOCUMENTATION_COMMENTS = YES;
				CLANG_WARN_EMPTY_BODY = YES;
				CLANG_WARN_ENUM_CONVERSION = YES;
				CLANG_WARN_INFINITE_RECURSION = YES;
				CLANG_WARN_INT_CONVERSION = YES;
				CLANG_WARN_NON_LITERAL_NULL_CONVERSION = YES;
				CLANG_WARN_OBJC_IMPLICIT_RETAIN_SELF = YES;
				CLANG_WARN_OBJC_LITERAL_CONVERSION = YES;
				CLANG_WARN_OBJC_ROOT_CLASS = YES_ERROR;
				CLANG_WARN_RANGE_LOOP_ANALYSIS = YES;
				CLANG_WARN_STRICT_PROTOTYPES = YES;
				CLANG_WARN_SUSPICIOUS_MOVE = YES;
				CLANG_WARN_UNGUARDED_AVAILABILITY = YES_AGGRESSIVE;
				CLANG_WARN_UNREACHABLE_CODE = YES;
				CLANG_WARN__DUPLICATE_METHOD_MATCH = YES;
				CODE_SIGN_IDENTITY = "iPhone Developer";
				COPY_PHASE_STRIP = NO;
				DEBUG_INFORMATION_FORMAT = dwarf;
				ENABLE_STRICT_OBJC_MSGSEND = YES;
				ENABLE_TESTABILITY = YES;
				GCC_C_LANGUAGE_STANDARD = gnu11;
				GCC_DYNAMIC_NO_PIC = NO;
				GCC_NO_COMMON_BLOCKS = YES;
				GCC_OPTIMIZATION_LEVEL = 0;
				GCC_PREPROCESSOR_DEFINITIONS = (
					"DEBUG=1",
					"$(inherited)",
				);
				GCC_WARN_64_TO_32_BIT_CONVERSION = YES;
				GCC_WARN_ABOUT_RETURN_TYPE = YES_ERROR;
				GCC_WARN_UNDECLARED_SELECTOR = YES;
				GCC_WARN_UNINITIALIZED_AUTOS = YES_AGGRESSIVE;
				GCC_WARN_UNUSED_FUNCTION = YES;
				GCC_WARN_UNUSED_VARIABLE = YES;
				IPHONEOS_DEPLOYMENT_TARGET = 12.1;
				MTL_ENABLE_DEBUG_INFO = INCLUDE_SOURCE;
				MTL_FAST_MATH = YES;
				ONLY_ACTIVE_ARCH = YES;
				SDKROOT = iphoneos;
				SWIFT_ACTIVE_COMPILATION_CONDITIONS = DEBUG;
				SWIFT_OPTIMIZATION_LEVEL = "-Onone";
			};
			name = Debug;
		};
		9859153921FFCB0500B41A9F /* Release */ = {
			isa = XCBuildConfiguration;
			buildSettings = {
				ALWAYS_SEARCH_USER_PATHS = NO;
				CLANG_ANALYZER_NONNULL = YES;
				CLANG_ANALYZER_NUMBER_OBJECT_CONVERSION = YES_AGGRESSIVE;
				CLANG_CXX_LANGUAGE_STANDARD = "gnu++14";
				CLANG_CXX_LIBRARY = "libc++";
				CLANG_ENABLE_MODULES = YES;
				CLANG_ENABLE_OBJC_ARC = YES;
				CLANG_ENABLE_OBJC_WEAK = YES;
				CLANG_WARN_BLOCK_CAPTURE_AUTORELEASING = YES;
				CLANG_WARN_BOOL_CONVERSION = YES;
				CLANG_WARN_COMMA = YES;
				CLANG_WARN_CONSTANT_CONVERSION = YES;
				CLANG_WARN_DEPRECATED_OBJC_IMPLEMENTATIONS = YES;
				CLANG_WARN_DIRECT_OBJC_ISA_USAGE = YES_ERROR;
				CLANG_WARN_DOCUMENTATION_COMMENTS = YES;
				CLANG_WARN_EMPTY_BODY = YES;
				CLANG_WARN_ENUM_CONVERSION = YES;
				CLANG_WARN_INFINITE_RECURSION = YES;
				CLANG_WARN_INT_CONVERSION = YES;
				CLANG_WARN_NON_LITERAL_NULL_CONVERSION = YES;
				CLANG_WARN_OBJC_IMPLICIT_RETAIN_SELF = YES;
				CLANG_WARN_OBJC_LITERAL_CONVERSION = YES;
				CLANG_WARN_OBJC_ROOT_CLASS = YES_ERROR;
				CLANG_WARN_RANGE_LOOP_ANALYSIS = YES;
				CLANG_WARN_STRICT_PROTOTYPES = YES;
				CLANG_WARN_SUSPICIOUS_MOVE = YES;
				CLANG_WARN_UNGUARDED_AVAILABILITY = YES_AGGRESSIVE;
				CLANG_WARN_UNREACHABLE_CODE = YES;
				CLANG_WARN__DUPLICATE_METHOD_MATCH = YES;
				CODE_SIGN_IDENTITY = "iPhone Developer";
				COPY_PHASE_STRIP = NO;
				DEBUG_INFORMATION_FORMAT = "dwarf-with-dsym";
				ENABLE_NS_ASSERTIONS = NO;
				ENABLE_STRICT_OBJC_MSGSEND = YES;
				GCC_C_LANGUAGE_STANDARD = gnu11;
				GCC_NO_COMMON_BLOCKS = YES;
				GCC_WARN_64_TO_32_BIT_CONVERSION = YES;
				GCC_WARN_ABOUT_RETURN_TYPE = YES_ERROR;
				GCC_WARN_UNDECLARED_SELECTOR = YES;
				GCC_WARN_UNINITIALIZED_AUTOS = YES_AGGRESSIVE;
				GCC_WARN_UNUSED_FUNCTION = YES;
				GCC_WARN_UNUSED_VARIABLE = YES;
				IPHONEOS_DEPLOYMENT_TARGET = 12.1;
				MTL_ENABLE_DEBUG_INFO = NO;
				MTL_FAST_MATH = YES;
				SDKROOT = iphoneos;
				SWIFT_COMPILATION_MODE = wholemodule;
				SWIFT_OPTIMIZATION_LEVEL = "-O";
				VALIDATE_PRODUCT = YES;
			};
			name = Release;
		};
		9859153B21FFCB0500B41A9F /* Debug */ = {
			isa = XCBuildConfiguration;
			baseConfigurationReference = F0DDF393898230A7DA767D5F /* Pods-Flixster.debug.xcconfig */;
			buildSettings = {
				ASSETCATALOG_COMPILER_APPICON_NAME = AppIcon;
				CODE_SIGN_STYLE = Automatic;
				DEVELOPMENT_TEAM = PX8GS22FMU;
				INFOPLIST_FILE = Flixster/Info.plist;
				LD_RUNPATH_SEARCH_PATHS = (
					"$(inherited)",
					"@executable_path/Frameworks",
				);
				PRODUCT_BUNDLE_IDENTIFIER = "com.Yash-Kakodkar.Flixster";
				PRODUCT_NAME = "$(TARGET_NAME)";
				SWIFT_VERSION = 4.2;
				TARGETED_DEVICE_FAMILY = "1,2";
			};
			name = Debug;
		};
		9859153C21FFCB0500B41A9F /* Release */ = {
			isa = XCBuildConfiguration;
			baseConfigurationReference = 0C07C0D1494CFD196128F69C /* Pods-Flixster.release.xcconfig */;
			buildSettings = {
				ASSETCATALOG_COMPILER_APPICON_NAME = AppIcon;
				CODE_SIGN_STYLE = Automatic;
				DEVELOPMENT_TEAM = PX8GS22FMU;
				INFOPLIST_FILE = Flixster/Info.plist;
				LD_RUNPATH_SEARCH_PATHS = (
					"$(inherited)",
					"@executable_path/Frameworks",
				);
				PRODUCT_BUNDLE_IDENTIFIER = "com.Yash-Kakodkar.Flixster";
				PRODUCT_NAME = "$(TARGET_NAME)";
				SWIFT_VERSION = 4.2;
				TARGETED_DEVICE_FAMILY = "1,2";
			};
			name = Release;
		};
/* End XCBuildConfiguration section */

/* Begin XCConfigurationList section */
		9859152321FFCB0300B41A9F /* Build configuration list for PBXProject "Flixster" */ = {
			isa = XCConfigurationList;
			buildConfigurations = (
				9859153821FFCB0500B41A9F /* Debug */,
				9859153921FFCB0500B41A9F /* Release */,
			);
			defaultConfigurationIsVisible = 0;
			defaultConfigurationName = Release;
		};
		9859153A21FFCB0500B41A9F /* Build configuration list for PBXNativeTarget "Flixster" */ = {
			isa = XCConfigurationList;
			buildConfigurations = (
				9859153B21FFCB0500B41A9F /* Debug */,
				9859153C21FFCB0500B41A9F /* Release */,
			);
			defaultConfigurationIsVisible = 0;
			defaultConfigurationName = Release;
		};
/* End XCConfigurationList section */
	};
	rootObject = 9859152021FFCB0300B41A9F /* Project object */;
}
